
Microsoft Visual Studio Solution File, Format Version 12.00
# Visual Studio 15
VisualStudioVersion = 15.0.28307.572
MinimumVisualStudioVersion = 10.0.40219.1
Project("{FAE04EC0-301F-11D3-BF4B-00C04F79EFBC}") = "Encore", "Encore\Encore.csproj", "{4BBDA0A4-008E-4DE8-827B-A251585548A5}"
EndProject
Project("{FAE04EC0-301F-11D3-BF4B-00C04F79EFBC}") = "ConsoleUI", "ConsoleUI\ConsoleUI.csproj", "{D60F0F1C-314F-4013-81E1-F6BF174140D1}"
EndProject
Project("{FAE04EC0-301F-11D3-BF4B-00C04F79EFBC}") = "ConsoleUI.Tests", "ConsoleUI.Tests\ConsoleUI.Tests.csproj", "{6D3A1B9E-722B-4E6E-9A2B-12FF425C8B59}"
EndProject
Global
	GlobalSection(SolutionConfigurationPlatforms) = preSolution
		Debug|Any CPU = Debug|Any CPU
		Release|Any CPU = Release|Any CPU
	EndGlobalSection
	GlobalSection(ProjectConfigurationPlatforms) = postSolution
		{4BBDA0A4-008E-4DE8-827B-A251585548A5}.Debug|Any CPU.ActiveCfg = Debug|Any CPU
		{4BBDA0A4-008E-4DE8-827B-A251585548A5}.Debug|Any CPU.Build.0 = Debug|Any CPU
		{4BBDA0A4-008E-4DE8-827B-A251585548A5}.Release|Any CPU.ActiveCfg = Release|Any CPU
		{4BBDA0A4-008E-4DE8-827B-A251585548A5}.Release|Any CPU.Build.0 = Release|Any CPU
		{D60F0F1C-314F-4013-81E1-F6BF174140D1}.Debug|Any CPU.ActiveCfg = Debug|Any CPU
		{D60F0F1C-314F-4013-81E1-F6BF174140D1}.Debug|Any CPU.Build.0 = Debug|Any CPU
		{D60F0F1C-314F-4013-81E1-F6BF174140D1}.Release|Any CPU.ActiveCfg = Release|Any CPU
		{D60F0F1C-314F-4013-81E1-F6BF174140D1}.Release|Any CPU.Build.0 = Release|Any CPU
		{6D3A1B9E-722B-4E6E-9A2B-12FF425C8B59}.Debug|Any CPU.ActiveCfg = Debug|Any CPU
		{6D3A1B9E-722B-4E6E-9A2B-12FF425C8B59}.Debug|Any CPU.Build.0 = Debug|Any CPU
		{6D3A1B9E-722B-4E6E-9A2B-12FF425C8B59}.Release|Any CPU.ActiveCfg = Release|Any CPU
		{6D3A1B9E-722B-4E6E-9A2B-12FF425C8B59}.Release|Any CPU.Build.0 = Release|Any CPU
	EndGlobalSection
	GlobalSection(SolutionProperties) = preSolution
		HideSolutionNode = FALSE
	EndGlobalSection
	GlobalSection(ExtensibilityGlobals) = postSolution
		SolutionGuid = {2D2794FE-71D5-4794-BD5F-3575DC9C1707}
	EndGlobalSection
EndGlobal
